
Microsoft Visual Studio Solution File, Format Version 12.00
# Visual Studio Version 16
VisualStudioVersion = 16.0.32510.428
MinimumVisualStudioVersion = 10.0.40219.1
Project("{FAE04EC0-301F-11D3-BF4B-00C04F79EFBC}") = "final One", "final One.csproj", "{118CD8E4-6FD6-442A-8FCB-045B4B131D64}"
EndProject
Global
	GlobalSection(SolutionConfigurationPlatforms) = preSolution
		Debug|Any CPU = Debug|Any CPU
		Release|Any CPU = Release|Any CPU
	EndGlobalSection
	GlobalSection(ProjectConfigurationPlatforms) = postSolution
		{118CD8E4-6FD6-442A-8FCB-045B4B131D64}.Debug|Any CPU.ActiveCfg = Debug|Any CPU
		{118CD8E4-6FD6-442A-8FCB-045B4B131D64}.Debug|Any CPU.Build.0 = Debug|Any CPU
		{118CD8E4-6FD6-442A-8FCB-045B4B131D64}.Release|Any CPU.ActiveCfg = Release|Any CPU
		{118CD8E4-6FD6-442A-8FCB-045B4B131D64}.Release|Any CPU.Build.0 = Release|Any CPU
	EndGlobalSection
	GlobalSection(SolutionProperties) = preSolution
		HideSolutionNode = FALSE
	EndGlobalSection
	GlobalSection(ExtensibilityGlobals) = postSolution
		SolutionGuid = {5B86F351-F04A-48E3-8D45-8964A7E5B9A9}
	EndGlobalSection
EndGlobal
